{
  "pins" : [
    {
      "identity" : "cocoalumberjack",
      "kind" : "remoteSourceControl",
      "location" : "https://github.com/CocoaLumberjack/CocoaLumberjack.git",
      "state" : {
        "revision" : "4b8714a7fb84d42393314ce897127b3939885ec3",
        "version" : "3.8.5"
      }
    },
    {
      "identity" : "grdb.swift",
      "kind" : "remoteSourceControl",
      "location" : "https://github.com/groue/GRDB.swift.git",
      "state" : {
        "revision" : "2cf6c756e1e5ef6901ebae16576a7e4e4b834622",
        "version" : "6.29.3"
      }
    },
    {
      "identity" : "okta-ios-jwt",
      "kind" : "remoteSourceControl",
      "location" : "https://github.com/okta/okta-ios-jwt.git",
      "state" : {
        "revision" : "105f832e829b64da560ec785adfc2840d0be30a6",
        "version" : "2.3.5"
      }
    },
    {
      "identity" : "okta-logger-swift",
      "kind" : "remoteSourceControl",
      "location" : "https://github.com/okta/okta-logger-swift.git",
      "state" : {
        "revision" : "99adf77168ebdc83df7317c8909a840548986577",
        "version" : "2.0.0"
      }
    },
    {
      "identity" : "swift-log",
      "kind" : "remoteSourceControl",
      "location" : "https://github.com/apple/swift-log",
      "state" : {
        "revision" : "9cb486020ebf03bfa5b5df985387a14a98744537",
        "version" : "1.6.1"
      }
    }
  ],
  "version" : 2
}
