// !$*UTF8*$!
{
	archiveVersion = 1;
	classes = {
	};
	objectVersion = 55;
	objects = {

/* Begin PBXBuildFile section */
		7FFB5F7D285BA94A006BC548 /* DeviceAuthenticator.framework in Frameworks */ = {isa = PBXBuildFile; fileRef = 7FFB5F74285BA94A006BC548 /* DeviceAuthenticator.framework */; };
		7FFB5F82285BA94A006BC548 /* DeviceAuthenticatorTests.swift in Sources */ = {isa = PBXBuildFile; fileRef = 7FFB5F81285BA94A006BC548 /* DeviceAuthenticatorTests.swift */; };
		7FFB5F83285BA94A006BC548 /* DeviceAuthenticator.h in Headers */ = {isa = PBXBuildFile; fileRef = 7FFB5F77285BA94A006BC548 /* DeviceAuthenticator.h */; settings = {ATTRIBUTES = (Public, ); }; };
		7FFB5F93285BAB4E006BC548 /* DeviceAuthenticatorFunctionalTests.swift in Sources */ = {isa = PBXBuildFile; fileRef = 7FFB5F92285BAB4E006BC548 /* DeviceAuthenticatorFunctionalTests.swift */; };
		7FFB5F94285BAB4E006BC548 /* DeviceAuthenticator.framework in Frameworks */ = {isa = PBXBuildFile; fileRef = 7FFB5F74285BA94A006BC548 /* DeviceAuthenticator.framework */; };
/* End PBXBuildFile section */

/* Begin PBXContainerItemProxy section */
		7FFB5F7E285BA94A006BC548 /* PBXContainerItemProxy */ = {
			isa = PBXContainerItemProxy;
			containerPortal = 7FFB5F6B285BA94A006BC548 /* Project object */;
			proxyType = 1;
			remoteGlobalIDString = 7FFB5F73285BA94A006BC548;
			remoteInfo = DeviceAuthenticator;
		};
		7FFB5F95285BAB4E006BC548 /* PBXContainerItemProxy */ = {
			isa = PBXContainerItemProxy;
			containerPortal = 7FFB5F6B285BA94A006BC548 /* Project object */;
			proxyType = 1;
			remoteGlobalIDString = 7FFB5F73285BA94A006BC548;
			remoteInfo = DeviceAuthenticator;
		};
/* End PBXContainerItemProxy section */

/* Begin PBXFileReference section */
		7FFB5F74285BA94A006BC548 /* DeviceAuthenticator.framework */ = {isa = PBXFileReference; explicitFileType = wrapper.framework; includeInIndex = 0; path = DeviceAuthenticator.framework; sourceTree = BUILT_PRODUCTS_DIR; };
		7FFB5F77285BA94A006BC548 /* DeviceAuthenticator.h */ = {isa = PBXFileReference; lastKnownFileType = sourcecode.c.h; path = DeviceAuthenticator.h; sourceTree = "<group>"; };
		7FFB5F7C285BA94A006BC548 /* DeviceAuthenticatorUnitTests.xctest */ = {isa = PBXFileReference; explicitFileType = wrapper.cfbundle; includeInIndex = 0; path = DeviceAuthenticatorUnitTests.xctest; sourceTree = BUILT_PRODUCTS_DIR; };
		7FFB5F81285BA94A006BC548 /* DeviceAuthenticatorTests.swift */ = {isa = PBXFileReference; lastKnownFileType = sourcecode.swift; path = DeviceAuthenticatorTests.swift; sourceTree = "<group>"; };
		7FFB5F90285BAB4E006BC548 /* DeviceAuthenticatorFunctionalTests.xctest */ = {isa = PBXFileReference; explicitFileType = wrapper.cfbundle; includeInIndex = 0; path = DeviceAuthenticatorFunctionalTests.xctest; sourceTree = BUILT_PRODUCTS_DIR; };
		7FFB5F92285BAB4E006BC548 /* DeviceAuthenticatorFunctionalTests.swift */ = {isa = PBXFileReference; lastKnownFileType = sourcecode.swift; path = DeviceAuthenticatorFunctionalTests.swift; sourceTree = "<group>"; };
/* End PBXFileReference section */

/* Begin PBXFrameworksBuildPhase section */
		7FFB5F71285BA94A006BC548 /* Frameworks */ = {
			isa = PBXFrameworksBuildPhase;
			buildActionMask = 2147483647;
			files = (
			);
			runOnlyForDeploymentPostprocessing = 0;
		};
		7FFB5F79285BA94A006BC548 /* Frameworks */ = {
			isa = PBXFrameworksBuildPhase;
			buildActionMask = 2147483647;
			files = (
				7FFB5F7D285BA94A006BC548 /* DeviceAuthenticator.framework in Frameworks */,
			);
			runOnlyForDeploymentPostprocessing = 0;
		};
		7FFB5F8D285BAB4E006BC548 /* Frameworks */ = {
			isa = PBXFrameworksBuildPhase;
			buildActionMask = 2147483647;
			files = (
				7FFB5F94285BAB4E006BC548 /* DeviceAuthenticator.framework in Frameworks */,
			);
			runOnlyForDeploymentPostprocessing = 0;
		};
/* End PBXFrameworksBuildPhase section */

/* Begin PBXGroup section */
		7FFB5F6A285BA94A006BC548 = {
			isa = PBXGroup;
			children = (
				7FFB5F76285BA94A006BC548 /* DeviceAuthenticator */,
				7FFB5F9A285BAB60006BC548 /* Tests */,
				7FFB5F75285BA94A006BC548 /* Products */,
			);
			sourceTree = "<group>";
		};
		7FFB5F75285BA94A006BC548 /* Products */ = {
			isa = PBXGroup;
			children = (
				7FFB5F74285BA94A006BC548 /* DeviceAuthenticator.framework */,
				7FFB5F7C285BA94A006BC548 /* DeviceAuthenticatorUnitTests.xctest */,
				7FFB5F90285BAB4E006BC548 /* DeviceAuthenticatorFunctionalTests.xctest */,
			);
			name = Products;
			sourceTree = "<group>";
		};
		7FFB5F76285BA94A006BC548 /* DeviceAuthenticator */ = {
			isa = PBXGroup;
			children = (
				7FFB5F77285BA94A006BC548 /* DeviceAuthenticator.h */,
			);
			path = DeviceAuthenticator;
			sourceTree = "<group>";
		};
		7FFB5F80285BA94A006BC548 /* DeviceAuthenticatorUnitTests */ = {
			isa = PBXGroup;
			children = (
				7FFB5F81285BA94A006BC548 /* DeviceAuthenticatorTests.swift */,
			);
			path = DeviceAuthenticatorUnitTests;
			sourceTree = "<group>";
		};
		7FFB5F91285BAB4E006BC548 /* DeviceAuthenticatorFunctionalTests */ = {
			isa = PBXGroup;
			children = (
				7FFB5F92285BAB4E006BC548 /* DeviceAuthenticatorFunctionalTests.swift */,
			);
			path = DeviceAuthenticatorFunctionalTests;
			sourceTree = "<group>";
		};
		7FFB5F9A285BAB60006BC548 /* Tests */ = {
			isa = PBXGroup;
			children = (
				7FFB5F80285BA94A006BC548 /* DeviceAuthenticatorUnitTests */,
				7FFB5F91285BAB4E006BC548 /* DeviceAuthenticatorFunctionalTests */,
			);
			path = Tests;
			sourceTree = "<group>";
		};
/* End PBXGroup section */

/* Begin PBXHeadersBuildPhase section */
		7FFB5F6F285BA94A006BC548 /* Headers */ = {
			isa = PBXHeadersBuildPhase;
			buildActionMask = 2147483647;
			files = (
				7FFB5F83285BA94A006BC548 /* DeviceAuthenticator.h in Headers */,
			);
			runOnlyForDeploymentPostprocessing = 0;
		};
/* End PBXHeadersBuildPhase section */

/* Begin PBXNativeTarget section */
		7FFB5F73285BA94A006BC548 /* DeviceAuthenticator */ = {
			isa = PBXNativeTarget;
			buildConfigurationList = 7FFB5F86285BA94A006BC548 /* Build configuration list for PBXNativeTarget "DeviceAuthenticator" */;
			buildPhases = (
				7FFB5F6F285BA94A006BC548 /* Headers */,
				7FFB5F70285BA94A006BC548 /* Sources */,
				7FFB5F71285BA94A006BC548 /* Frameworks */,
				7FFB5F72285BA94A006BC548 /* Resources */,
			);
			buildRules = (
			);
			dependencies = (
			);
			name = DeviceAuthenticator;
			productName = DeviceAuthenticator;
			productReference = 7FFB5F74285BA94A006BC548 /* DeviceAuthenticator.framework */;
			productType = "com.apple.product-type.framework";
		};
		7FFB5F7B285BA94A006BC548 /* DeviceAuthenticatorUnitTests */ = {
			isa = PBXNativeTarget;
			buildConfigurationList = 7FFB5F89285BA94A006BC548 /* Build configuration list for PBXNativeTarget "DeviceAuthenticatorUnitTests" */;
			buildPhases = (
				7FFB5F78285BA94A006BC548 /* Sources */,
				7FFB5F79285BA94A006BC548 /* Frameworks */,
				7FFB5F7A285BA94A006BC548 /* Resources */,
			);
			buildRules = (
			);
			dependencies = (
				7FFB5F7F285BA94A006BC548 /* PBXTargetDependency */,
			);
			name = DeviceAuthenticatorUnitTests;
			productName = DeviceAuthenticatorTests;
			productReference = 7FFB5F7C285BA94A006BC548 /* DeviceAuthenticatorUnitTests.xctest */;
			productType = "com.apple.product-type.bundle.unit-test";
		};
		7FFB5F8F285BAB4E006BC548 /* DeviceAuthenticatorFunctionalTests */ = {
			isa = PBXNativeTarget;
			buildConfigurationList = 7FFB5F97285BAB4E006BC548 /* Build configuration list for PBXNativeTarget "DeviceAuthenticatorFunctionalTests" */;
			buildPhases = (
				7FFB5F8C285BAB4E006BC548 /* Sources */,
				7FFB5F8D285BAB4E006BC548 /* Frameworks */,
				7FFB5F8E285BAB4E006BC548 /* Resources */,
			);
			buildRules = (
			);
			dependencies = (
				7FFB5F96285BAB4E006BC548 /* PBXTargetDependency */,
			);
			name = DeviceAuthenticatorFunctionalTests;
			productName = DeviceAuthenticatorFunctionalTests;
			productReference = 7FFB5F90285BAB4E006BC548 /* DeviceAuthenticatorFunctionalTests.xctest */;
			productType = "com.apple.product-type.bundle.unit-test";
		};
/* End PBXNativeTarget section */

/* Begin PBXProject section */
		7FFB5F6B285BA94A006BC548 /* Project object */ = {
			isa = PBXProject;
			attributes = {
				BuildIndependentTargetsInParallel = 1;
				LastSwiftUpdateCheck = 1340;
				LastUpgradeCheck = 1340;
				TargetAttributes = {
					7FFB5F73285BA94A006BC548 = {
						CreatedOnToolsVersion = 13.4.1;
						LastSwiftMigration = 1340;
					};
					7FFB5F7B285BA94A006BC548 = {
						CreatedOnToolsVersion = 13.4.1;
					};
					7FFB5F8F285BAB4E006BC548 = {
						CreatedOnToolsVersion = 13.4.1;
					};
				};
			};
			buildConfigurationList = 7FFB5F6E285BA94A006BC548 /* Build configuration list for PBXProject "DeviceAuthenticator" */;
			compatibilityVersion = "Xcode 13.0";
			developmentRegion = en;
			hasScannedForEncodings = 0;
			knownRegions = (
				en,
				Base,
			);
			mainGroup = 7FFB5F6A285BA94A006BC548;
			productRefGroup = 7FFB5F75285BA94A006BC548 /* Products */;
			projectDirPath = "";
			projectRoot = "";
			targets = (
				7FFB5F73285BA94A006BC548 /* DeviceAuthenticator */,
				7FFB5F7B285BA94A006BC548 /* DeviceAuthenticatorUnitTests */,
				7FFB5F8F285BAB4E006BC548 /* DeviceAuthenticatorFunctionalTests */,
			);
		};
/* End PBXProject section */

/* Begin PBXResourcesBuildPhase section */
		7FFB5F72285BA94A006BC548 /* Resources */ = {
			isa = PBXResourcesBuildPhase;
			buildActionMask = 2147483647;
			files = (
			);
			runOnlyForDeploymentPostprocessing = 0;
		};
		7FFB5F7A285BA94A006BC548 /* Resources */ = {
			isa = PBXResourcesBuildPhase;
			buildActionMask = 2147483647;
			files = (
			);
			runOnlyForDeploymentPostprocessing = 0;
		};
		7FFB5F8E285BAB4E006BC548 /* Resources */ = {
			isa = PBXResourcesBuildPhase;
			buildActionMask = 2147483647;
			files = (
			);
			runOnlyForDeploymentPostprocessing = 0;
		};
/* End PBXResourcesBuildPhase section */

/* Begin PBXSourcesBuildPhase section */
		7FFB5F70285BA94A006BC548 /* Sources */ = {
			isa = PBXSourcesBuildPhase;
			buildActionMask = 2147483647;
			files = (
			);
			runOnlyForDeploymentPostprocessing = 0;
		};
		7FFB5F78285BA94A006BC548 /* Sources */ = {
			isa = PBXSourcesBuildPhase;
			buildActionMask = 2147483647;
			files = (
				7FFB5F82285BA94A006BC548 /* DeviceAuthenticatorTests.swift in Sources */,
			);
			runOnlyForDeploymentPostprocessing = 0;
		};
		7FFB5F8C285BAB4E006BC548 /* Sources */ = {
			isa = PBXSourcesBuildPhase;
			buildActionMask = 2147483647;
			files = (
				7FFB5F93285BAB4E006BC548 /* DeviceAuthenticatorFunctionalTests.swift in Sources */,
			);
			runOnlyForDeploymentPostprocessing = 0;
		};
/* End PBXSourcesBuildPhase section */

/* Begin PBXTargetDependency section */
		7FFB5F7F285BA94A006BC548 /* PBXTargetDependency */ = {
			isa = PBXTargetDependency;
			target = 7FFB5F73285BA94A006BC548 /* DeviceAuthenticator */;
			targetProxy = 7FFB5F7E285BA94A006BC548 /* PBXContainerItemProxy */;
		};
		7FFB5F96285BAB4E006BC548 /* PBXTargetDependency */ = {
			isa = PBXTargetDependency;
			target = 7FFB5F73285BA94A006BC548 /* DeviceAuthenticator */;
			targetProxy = 7FFB5F95285BAB4E006BC548 /* PBXContainerItemProxy */;
		};
/* End PBXTargetDependency section */

/* Begin XCBuildConfiguration section */
		7FFB5F84285BA94A006BC548 /* Debug */ = {
			isa = XCBuildConfiguration;
			buildSettings = {
				ALWAYS_SEARCH_USER_PATHS = NO;
				CLANG_ANALYZER_NONNULL = YES;
				CLANG_ANALYZER_NUMBER_OBJECT_CONVERSION = YES_AGGRESSIVE;
				CLANG_CXX_LANGUAGE_STANDARD = "gnu++17";
				CLANG_ENABLE_MODULES = YES;
				CLANG_ENABLE_OBJC_ARC = YES;
				CLANG_ENABLE_OBJC_WEAK = YES;
				CLANG_WARN_BLOCK_CAPTURE_AUTORELEASING = YES;
				CLANG_WARN_BOOL_CONVERSION = YES;
				CLANG_WARN_COMMA = YES;
				CLANG_WARN_CONSTANT_CONVERSION = YES;
				CLANG_WARN_DEPRECATED_OBJC_IMPLEMENTATIONS = YES;
				CLANG_WARN_DIRECT_OBJC_ISA_USAGE = YES_ERROR;
				CLANG_WARN_DOCUMENTATION_COMMENTS = YES;
				CLANG_WARN_EMPTY_BODY = YES;
				CLANG_WARN_ENUM_CONVERSION = YES;
				CLANG_WARN_INFINITE_RECURSION = YES;
				CLANG_WARN_INT_CONVERSION = YES;
				CLANG_WARN_NON_LITERAL_NULL_CONVERSION = YES;
				CLANG_WARN_OBJC_IMPLICIT_RETAIN_SELF = YES;
				CLANG_WARN_OBJC_LITERAL_CONVERSION = YES;
				CLANG_WARN_OBJC_ROOT_CLASS = YES_ERROR;
				CLANG_WARN_QUOTED_INCLUDE_IN_FRAMEWORK_HEADER = YES;
				CLANG_WARN_RANGE_LOOP_ANALYSIS = YES;
				CLANG_WARN_STRICT_PROTOTYPES = YES;
				CLANG_WARN_SUSPICIOUS_MOVE = YES;
				CLANG_WARN_UNGUARDED_AVAILABILITY = YES_AGGRESSIVE;
				CLANG_WARN_UNREACHABLE_CODE = YES;
				CLANG_WARN__DUPLICATE_METHOD_MATCH = YES;
				COPY_PHASE_STRIP = NO;
				CURRENT_PROJECT_VERSION = 1;
				DEBUG_INFORMATION_FORMAT = dwarf;
				ENABLE_STRICT_OBJC_MSGSEND = YES;
				ENABLE_TESTABILITY = YES;
				GCC_C_LANGUAGE_STANDARD = gnu11;
				GCC_DYNAMIC_NO_PIC = NO;
				GCC_NO_COMMON_BLOCKS = YES;
				GCC_OPTIMIZATION_LEVEL = 0;
				GCC_PREPROCESSOR_DEFINITIONS = (
					"DEBUG=1",
					"$(inherited)",
				);
				GCC_WARN_64_TO_32_BIT_CONVERSION = YES;
				GCC_WARN_ABOUT_RETURN_TYPE = YES_ERROR;
				GCC_WARN_UNDECLARED_SELECTOR = YES;
				GCC_WARN_UNINITIALIZED_AUTOS = YES_AGGRESSIVE;
				GCC_WARN_UNUSED_FUNCTION = YES;
				GCC_WARN_UNUSED_VARIABLE = YES;
				IPHONEOS_DEPLOYMENT_TARGET = 15.5;
				MTL_ENABLE_DEBUG_INFO = INCLUDE_SOURCE;
				MTL_FAST_MATH = YES;
				ONLY_ACTIVE_ARCH = YES;
				SDKROOT = iphoneos;
				SWIFT_ACTIVE_COMPILATION_CONDITIONS = DEBUG;
				SWIFT_OPTIMIZATION_LEVEL = "-Onone";
				VERSIONING_SYSTEM = "apple-generic";
				VERSION_INFO_PREFIX = "";
			};
			name = Debug;
		};
		7FFB5F85285BA94A006BC548 /* Release */ = {
			isa = XCBuildConfiguration;
			buildSettings = {
				ALWAYS_SEARCH_USER_PATHS = NO;
				CLANG_ANALYZER_NONNULL = YES;
				CLANG_ANALYZER_NUMBER_OBJECT_CONVERSION = YES_AGGRESSIVE;
				CLANG_CXX_LANGUAGE_STANDARD = "gnu++17";
				CLANG_ENABLE_MODULES = YES;
				CLANG_ENABLE_OBJC_ARC = YES;
				CLANG_ENABLE_OBJC_WEAK = YES;
				CLANG_WARN_BLOCK_CAPTURE_AUTORELEASING = YES;
				CLANG_WARN_BOOL_CONVERSION = YES;
				CLANG_WARN_COMMA = YES;
				CLANG_WARN_CONSTANT_CONVERSION = YES;
				CLANG_WARN_DEPRECATED_OBJC_IMPLEMENTATIONS = YES;
				CLANG_WARN_DIRECT_OBJC_ISA_USAGE = YES_ERROR;
				CLANG_WARN_DOCUMENTATION_COMMENTS = YES;
				CLANG_WARN_EMPTY_BODY = YES;
				CLANG_WARN_ENUM_CONVERSION = YES;
				CLANG_WARN_INFINITE_RECURSION = YES;
				CLANG_WARN_INT_CONVERSION = YES;
				CLANG_WARN_NON_LITERAL_NULL_CONVERSION = YES;
				CLANG_WARN_OBJC_IMPLICIT_RETAIN_SELF = YES;
				CLANG_WARN_OBJC_LITERAL_CONVERSION = YES;
				CLANG_WARN_OBJC_ROOT_CLASS = YES_ERROR;
				CLANG_WARN_QUOTED_INCLUDE_IN_FRAMEWORK_HEADER = YES;
				CLANG_WARN_RANGE_LOOP_ANALYSIS = YES;
				CLANG_WARN_STRICT_PROTOTYPES = YES;
				CLANG_WARN_SUSPICIOUS_MOVE = YES;
				CLANG_WARN_UNGUARDED_AVAILABILITY = YES_AGGRESSIVE;
				CLANG_WARN_UNREACHABLE_CODE = YES;
				CLANG_WARN__DUPLICATE_METHOD_MATCH = YES;
				COPY_PHASE_STRIP = NO;
				CURRENT_PROJECT_VERSION = 1;
				DEBUG_INFORMATION_FORMAT = "dwarf-with-dsym";
				ENABLE_NS_ASSERTIONS = NO;
				ENABLE_STRICT_OBJC_MSGSEND = YES;
				GCC_C_LANGUAGE_STANDARD = gnu11;
				GCC_NO_COMMON_BLOCKS = YES;
				GCC_WARN_64_TO_32_BIT_CONVERSION = YES;
				GCC_WARN_ABOUT_RETURN_TYPE = YES_ERROR;
				GCC_WARN_UNDECLARED_SELECTOR = YES;
				GCC_WARN_UNINITIALIZED_AUTOS = YES_AGGRESSIVE;
				GCC_WARN_UNUSED_FUNCTION = YES;
				GCC_WARN_UNUSED_VARIABLE = YES;
				IPHONEOS_DEPLOYMENT_TARGET = 15.5;
				MTL_ENABLE_DEBUG_INFO = NO;
				MTL_FAST_MATH = YES;
				SDKROOT = iphoneos;
				SWIFT_COMPILATION_MODE = wholemodule;
				SWIFT_OPTIMIZATION_LEVEL = "-O";
				VALIDATE_PRODUCT = YES;
				VERSIONING_SYSTEM = "apple-generic";
				VERSION_INFO_PREFIX = "";
			};
			name = Release;
		};
		7FFB5F87285BA94A006BC548 /* Debug */ = {
			isa = XCBuildConfiguration;
			buildSettings = {
				CLANG_ENABLE_MODULES = YES;
				CODE_SIGN_STYLE = Automatic;
				CURRENT_PROJECT_VERSION = 1;
				DEFINES_MODULE = YES;
				DEVELOPMENT_TEAM = 7WXXBW6Z2Y;
				DYLIB_COMPATIBILITY_VERSION = 1;
				DYLIB_CURRENT_VERSION = 1;
				DYLIB_INSTALL_NAME_BASE = "@rpath";
				GENERATE_INFOPLIST_FILE = YES;
				INFOPLIST_KEY_NSHumanReadableCopyright = "";
				INSTALL_PATH = "$(LOCAL_LIBRARY_DIR)/Frameworks";
				LD_RUNPATH_SEARCH_PATHS = (
					"$(inherited)",
					"@executable_path/Frameworks",
					"@loader_path/Frameworks",
				);
				MARKETING_VERSION = 1.0;
				PRODUCT_BUNDLE_IDENTIFIER = com.okta.DeviceAuthenticator;
				PRODUCT_NAME = "$(TARGET_NAME:c99extidentifier)";
				SKIP_INSTALL = YES;
				SWIFT_EMIT_LOC_STRINGS = YES;
				SWIFT_OPTIMIZATION_LEVEL = "-Onone";
				SWIFT_VERSION = 5.0;
				TARGETED_DEVICE_FAMILY = "1,2";
			};
			name = Debug;
		};
		7FFB5F88285BA94A006BC548 /* Release */ = {
			isa = XCBuildConfiguration;
			buildSettings = {
				CLANG_ENABLE_MODULES = YES;
				CODE_SIGN_STYLE = Automatic;
				CURRENT_PROJECT_VERSION = 1;
				DEFINES_MODULE = YES;
				DEVELOPMENT_TEAM = 7WXXBW6Z2Y;
				DYLIB_COMPATIBILITY_VERSION = 1;
				DYLIB_CURRENT_VERSION = 1;
				DYLIB_INSTALL_NAME_BASE = "@rpath";
				GENERATE_INFOPLIST_FILE = YES;
				INFOPLIST_KEY_NSHumanReadableCopyright = "";
				INSTALL_PATH = "$(LOCAL_LIBRARY_DIR)/Frameworks";
				LD_RUNPATH_SEARCH_PATHS = (
					"$(inherited)",
					"@executable_path/Frameworks",
					"@loader_path/Frameworks",
				);
				MARKETING_VERSION = 1.0;
				PRODUCT_BUNDLE_IDENTIFIER = com.okta.DeviceAuthenticator;
				PRODUCT_NAME = "$(TARGET_NAME:c99extidentifier)";
				SKIP_INSTALL = YES;
				SWIFT_EMIT_LOC_STRINGS = YES;
				SWIFT_VERSION = 5.0;
				TARGETED_DEVICE_FAMILY = "1,2";
			};
			name = Release;
		};
		7FFB5F8A285BA94A006BC548 /* Debug */ = {
			isa = XCBuildConfiguration;
			buildSettings = {
				CODE_SIGN_STYLE = Automatic;
				CURRENT_PROJECT_VERSION = 1;
				DEVELOPMENT_TEAM = 7WXXBW6Z2Y;
				GENERATE_INFOPLIST_FILE = YES;
				MARKETING_VERSION = 1.0;
				PRODUCT_BUNDLE_IDENTIFIER = com.okta.DeviceAuthenticatorTests;
				PRODUCT_NAME = "$(TARGET_NAME)";
				SWIFT_EMIT_LOC_STRINGS = NO;
				SWIFT_VERSION = 5.0;
				TARGETED_DEVICE_FAMILY = "1,2";
			};
			name = Debug;
		};
		7FFB5F8B285BA94A006BC548 /* Release */ = {
			isa = XCBuildConfiguration;
			buildSettings = {
				CODE_SIGN_STYLE = Automatic;
				CURRENT_PROJECT_VERSION = 1;
				DEVELOPMENT_TEAM = 7WXXBW6Z2Y;
				GENERATE_INFOPLIST_FILE = YES;
				MARKETING_VERSION = 1.0;
				PRODUCT_BUNDLE_IDENTIFIER = com.okta.DeviceAuthenticatorTests;
				PRODUCT_NAME = "$(TARGET_NAME)";
				SWIFT_EMIT_LOC_STRINGS = NO;
				SWIFT_VERSION = 5.0;
				TARGETED_DEVICE_FAMILY = "1,2";
			};
			name = Release;
		};
		7FFB5F98285BAB4E006BC548 /* Debug */ = {
			isa = XCBuildConfiguration;
			buildSettings = {
				CODE_SIGN_STYLE = Automatic;
				CURRENT_PROJECT_VERSION = 1;
				DEVELOPMENT_TEAM = 7WXXBW6Z2Y;
				GENERATE_INFOPLIST_FILE = YES;
				MARKETING_VERSION = 1.0;
				PRODUCT_BUNDLE_IDENTIFIER = com.okta.DeviceAuthenticatorFunctionalTests;
				PRODUCT_NAME = "$(TARGET_NAME)";
				SWIFT_EMIT_LOC_STRINGS = NO;
				SWIFT_VERSION = 5.0;
				TARGETED_DEVICE_FAMILY = "1,2";
			};
			name = Debug;
		};
		7FFB5F99285BAB4E006BC548 /* Release */ = {
			isa = XCBuildConfiguration;
			buildSettings = {
				CODE_SIGN_STYLE = Automatic;
				CURRENT_PROJECT_VERSION = 1;
				DEVELOPMENT_TEAM = 7WXXBW6Z2Y;
				GENERATE_INFOPLIST_FILE = YES;
				MARKETING_VERSION = 1.0;
				PRODUCT_BUNDLE_IDENTIFIER = com.okta.DeviceAuthenticatorFunctionalTests;
				PRODUCT_NAME = "$(TARGET_NAME)";
				SWIFT_EMIT_LOC_STRINGS = NO;
				SWIFT_VERSION = 5.0;
				TARGETED_DEVICE_FAMILY = "1,2";
			};
			name = Release;
		};
/* End XCBuildConfiguration section */

/* Begin XCConfigurationList section */
		7FFB5F6E285BA94A006BC548 /* Build configuration list for PBXProject "DeviceAuthenticator" */ = {
			isa = XCConfigurationList;
			buildConfigurations = (
				7FFB5F84285BA94A006BC548 /* Debug */,
				7FFB5F85285BA94A006BC548 /* Release */,
			);
			defaultConfigurationIsVisible = 0;
			defaultConfigurationName = Release;
		};
		7FFB5F86285BA94A006BC548 /* Build configuration list for PBXNativeTarget "DeviceAuthenticator" */ = {
			isa = XCConfigurationList;
			buildConfigurations = (
				7FFB5F87285BA94A006BC548 /* Debug */,
				7FFB5F88285BA94A006BC548 /* Release */,
			);
			defaultConfigurationIsVisible = 0;
			defaultConfigurationName = Release;
		};
		7FFB5F89285BA94A006BC548 /* Build configuration list for PBXNativeTarget "DeviceAuthenticatorUnitTests" */ = {
			isa = XCConfigurationList;
			buildConfigurations = (
				7FFB5F8A285BA94A006BC548 /* Debug */,
				7FFB5F8B285BA94A006BC548 /* Release */,
			);
			defaultConfigurationIsVisible = 0;
			defaultConfigurationName = Release;
		};
		7FFB5F97285BAB4E006BC548 /* Build configuration list for PBXNativeTarget "DeviceAuthenticatorFunctionalTests" */ = {
			isa = XCConfigurationList;
			buildConfigurations = (
				7FFB5F98285BAB4E006BC548 /* Debug */,
				7FFB5F99285BAB4E006BC548 /* Release */,
			);
			defaultConfigurationIsVisible = 0;
			defaultConfigurationName = Release;
		};
/* End XCConfigurationList section */
	};
	rootObject = 7FFB5F6B285BA94A006BC548 /* Project object */;
}
