{
  "pins" : [
    {
      "identity" : "okta-mobile-swift",
      "kind" : "remoteSourceControl",
      "location" : "https://github.com/okta/okta-mobile-swift",
      "state" : {
        "branch" : "master",
        "revision" : "5840b9e3a8b362b90754fbca5431143cc38ec822"
      }
    }
  ],
  "version" : 2
}
