{
  "pins" : [
    {
      "identity" : "okta-mobile-swift",
      "kind" : "remoteSourceControl",
      "location" : "https://github.com/okta/okta-mobile-swift",
      "state" : {
        "branch" : "master",
        "revision" : "c5e403cdb33e6a5d652c7fcd005444bebba60a25"
      }
    }
  ],
  "version" : 2
}
